
Microsoft Visual Studio Solution File, Format Version 12.00
# Visual Studio 14
VisualStudioVersion = 14.0.25420.1
MinimumVisualStudioVersion = 10.0.40219.1
Project("{FAE04EC0-301F-11D3-BF4B-00C04F79EFBC}") = "WebApplication1", "WebApplication1\WebApplication1.csproj", "{8E2F2D9B-5D06-4D96-87EE-8C9279FA7867}"
EndProject
Project("{FAE04EC0-301F-11D3-BF4B-00C04F79EFBC}") = "WebApplication1.Tests", "WebApplication1.Tests\WebApplication1.Tests.csproj", "{1E4C5AEE-2307-4F14-B85D-4E37CFFB0501}"
EndProject
Global
	GlobalSection(SolutionConfigurationPlatforms) = preSolution
		Debug|Any CPU = Debug|Any CPU
		Release|Any CPU = Release|Any CPU
	EndGlobalSection
	GlobalSection(ProjectConfigurationPlatforms) = postSolution
		{8E2F2D9B-5D06-4D96-87EE-8C9279FA7867}.Debug|Any CPU.ActiveCfg = Debug|Any CPU
		{8E2F2D9B-5D06-4D96-87EE-8C9279FA7867}.Debug|Any CPU.Build.0 = Debug|Any CPU
		{8E2F2D9B-5D06-4D96-87EE-8C9279FA7867}.Release|Any CPU.ActiveCfg = Release|Any CPU
		{8E2F2D9B-5D06-4D96-87EE-8C9279FA7867}.Release|Any CPU.Build.0 = Release|Any CPU
		{1E4C5AEE-2307-4F14-B85D-4E37CFFB0501}.Debug|Any CPU.ActiveCfg = Debug|Any CPU
		{1E4C5AEE-2307-4F14-B85D-4E37CFFB0501}.Debug|Any CPU.Build.0 = Debug|Any CPU
		{1E4C5AEE-2307-4F14-B85D-4E37CFFB0501}.Release|Any CPU.ActiveCfg = Release|Any CPU
		{1E4C5AEE-2307-4F14-B85D-4E37CFFB0501}.Release|Any CPU.Build.0 = Release|Any CPU
	EndGlobalSection
	GlobalSection(SolutionProperties) = preSolution
		HideSolutionNode = FALSE
	EndGlobalSection
EndGlobal
